
Microsoft Visual Studio Solution File, Format Version 12.00
# Visual Studio Version 16
VisualStudioVersion = 16.0.31402.337
MinimumVisualStudioVersion = 10.0.40219.1
Project("{FAE04EC0-301F-11D3-BF4B-00C04F79EFBC}") = "Hub", "Hub\Hub.csproj", "{4ED6BD88-A8E7-4027-85EB-1FDE35EE8749}"
EndProject
Global
	GlobalSection(SolutionConfigurationPlatforms) = preSolution
		Debug|Any CPU = Debug|Any CPU
		Release|Any CPU = Release|Any CPU
	EndGlobalSection
	GlobalSection(ProjectConfigurationPlatforms) = postSolution
		{4ED6BD88-A8E7-4027-85EB-1FDE35EE8749}.Debug|Any CPU.ActiveCfg = Debug|Any CPU
		{4ED6BD88-A8E7-4027-85EB-1FDE35EE8749}.Debug|Any CPU.Build.0 = Debug|Any CPU
		{4ED6BD88-A8E7-4027-85EB-1FDE35EE8749}.Release|Any CPU.ActiveCfg = Release|Any CPU
		{4ED6BD88-A8E7-4027-85EB-1FDE35EE8749}.Release|Any CPU.Build.0 = Release|Any CPU
	EndGlobalSection
	GlobalSection(SolutionProperties) = preSolution
		HideSolutionNode = FALSE
	EndGlobalSection
	GlobalSection(ExtensibilityGlobals) = postSolution
		SolutionGuid = {FD1F6316-6183-43D2-A23D-71DB425DE62D}
	EndGlobalSection
EndGlobal
